
Microsoft Visual Studio Solution File, Format Version 12.00
# Visual Studio 15
VisualStudioVersion = 15.0.28307.572
MinimumVisualStudioVersion = 10.0.40219.1
Project("{FAE04EC0-301F-11D3-BF4B-00C04F79EFBC}") = "ForecheckSample", "ForecheckSample\ForecheckSample.csproj", "{B041F461-70BB-4F81-9D4C-18DFBF647ED7}"
EndProject
Global
	GlobalSection(SolutionConfigurationPlatforms) = preSolution
		Debug|Any CPU = Debug|Any CPU
		Release|Any CPU = Release|Any CPU
	EndGlobalSection
	GlobalSection(ProjectConfigurationPlatforms) = postSolution
		{B041F461-70BB-4F81-9D4C-18DFBF647ED7}.Debug|Any CPU.ActiveCfg = Debug|Any CPU
		{B041F461-70BB-4F81-9D4C-18DFBF647ED7}.Debug|Any CPU.Build.0 = Debug|Any CPU
		{B041F461-70BB-4F81-9D4C-18DFBF647ED7}.Release|Any CPU.ActiveCfg = Release|Any CPU
		{B041F461-70BB-4F81-9D4C-18DFBF647ED7}.Release|Any CPU.Build.0 = Release|Any CPU
	EndGlobalSection
	GlobalSection(SolutionProperties) = preSolution
		HideSolutionNode = FALSE
	EndGlobalSection
	GlobalSection(ExtensibilityGlobals) = postSolution
		SolutionGuid = {D856C66B-716E-4A35-8A45-EA75FF06F649}
	EndGlobalSection
EndGlobal
